
Microsoft Visual Studio Solution File, Format Version 12.00
# Visual Studio Version 17
VisualStudioVersion = 17.0.31903.59
MinimumVisualStudioVersion = 10.0.40219.1
Project("{FAE04EC0-301F-11D3-BF4B-00C04F79EFBC}") = "api", "api\api.csproj", "{0AEFB027-068C-42A8-8206-B7AB94A7EA3A}"
EndProject
Project("{FAE04EC0-301F-11D3-BF4B-00C04F79EFBC}") = "services", "services\services.csproj", "{44964BD2-AB96-48E6-AC01-6188C6146A84}"
EndProject
Project("{FAE04EC0-301F-11D3-BF4B-00C04F79EFBC}") = "dataaccess", "dataaccess\dataaccess.csproj", "{AE904E9F-3E85-4C0E-B196-141261D8905B}"
EndProject
Project("{FAE04EC0-301F-11D3-BF4B-00C04F79EFBC}") = "tests", "tests\tests.csproj", "{1581A3CF-9ACF-427A-8B66-A007E316916D}"
EndProject
Global
	GlobalSection(SolutionConfigurationPlatforms) = preSolution
		Debug|Any CPU = Debug|Any CPU
		Debug|x64 = Debug|x64
		Debug|x86 = Debug|x86
		Release|Any CPU = Release|Any CPU
		Release|x64 = Release|x64
		Release|x86 = Release|x86
	EndGlobalSection
	GlobalSection(ProjectConfigurationPlatforms) = postSolution
		{0AEFB027-068C-42A8-8206-B7AB94A7EA3A}.Debug|Any CPU.ActiveCfg = Debug|Any CPU
		{0AEFB027-068C-42A8-8206-B7AB94A7EA3A}.Debug|Any CPU.Build.0 = Debug|Any CPU
		{0AEFB027-068C-42A8-8206-B7AB94A7EA3A}.Debug|x64.ActiveCfg = Debug|Any CPU
		{0AEFB027-068C-42A8-8206-B7AB94A7EA3A}.Debug|x64.Build.0 = Debug|Any CPU
		{0AEFB027-068C-42A8-8206-B7AB94A7EA3A}.Debug|x86.ActiveCfg = Debug|Any CPU
		{0AEFB027-068C-42A8-8206-B7AB94A7EA3A}.Debug|x86.Build.0 = Debug|Any CPU
		{0AEFB027-068C-42A8-8206-B7AB94A7EA3A}.Release|Any CPU.ActiveCfg = Release|Any CPU
		{0AEFB027-068C-42A8-8206-B7AB94A7EA3A}.Release|Any CPU.Build.0 = Release|Any CPU
		{0AEFB027-068C-42A8-8206-B7AB94A7EA3A}.Release|x64.ActiveCfg = Release|Any CPU
		{0AEFB027-068C-42A8-8206-B7AB94A7EA3A}.Release|x64.Build.0 = Release|Any CPU
		{0AEFB027-068C-42A8-8206-B7AB94A7EA3A}.Release|x86.ActiveCfg = Release|Any CPU
		{0AEFB027-068C-42A8-8206-B7AB94A7EA3A}.Release|x86.Build.0 = Release|Any CPU
		{44964BD2-AB96-48E6-AC01-6188C6146A84}.Debug|Any CPU.ActiveCfg = Debug|Any CPU
		{44964BD2-AB96-48E6-AC01-6188C6146A84}.Debug|Any CPU.Build.0 = Debug|Any CPU
		{44964BD2-AB96-48E6-AC01-6188C6146A84}.Debug|x64.ActiveCfg = Debug|Any CPU
		{44964BD2-AB96-48E6-AC01-6188C6146A84}.Debug|x64.Build.0 = Debug|Any CPU
		{44964BD2-AB96-48E6-AC01-6188C6146A84}.Debug|x86.ActiveCfg = Debug|Any CPU
		{44964BD2-AB96-48E6-AC01-6188C6146A84}.Debug|x86.Build.0 = Debug|Any CPU
		{44964BD2-AB96-48E6-AC01-6188C6146A84}.Release|Any CPU.ActiveCfg = Release|Any CPU
		{44964BD2-AB96-48E6-AC01-6188C6146A84}.Release|Any CPU.Build.0 = Release|Any CPU
		{44964BD2-AB96-48E6-AC01-6188C6146A84}.Release|x64.ActiveCfg = Release|Any CPU
		{44964BD2-AB96-48E6-AC01-6188C6146A84}.Release|x64.Build.0 = Release|Any CPU
		{44964BD2-AB96-48E6-AC01-6188C6146A84}.Release|x86.ActiveCfg = Release|Any CPU
		{44964BD2-AB96-48E6-AC01-6188C6146A84}.Release|x86.Build.0 = Release|Any CPU
		{AE904E9F-3E85-4C0E-B196-141261D8905B}.Debug|Any CPU.ActiveCfg = Debug|Any CPU
		{AE904E9F-3E85-4C0E-B196-141261D8905B}.Debug|Any CPU.Build.0 = Debug|Any CPU
		{AE904E9F-3E85-4C0E-B196-141261D8905B}.Debug|x64.ActiveCfg = Debug|Any CPU
		{AE904E9F-3E85-4C0E-B196-141261D8905B}.Debug|x64.Build.0 = Debug|Any CPU
		{AE904E9F-3E85-4C0E-B196-141261D8905B}.Debug|x86.ActiveCfg = Debug|Any CPU
		{AE904E9F-3E85-4C0E-B196-141261D8905B}.Debug|x86.Build.0 = Debug|Any CPU
		{AE904E9F-3E85-4C0E-B196-141261D8905B}.Release|Any CPU.ActiveCfg = Release|Any CPU
		{AE904E9F-3E85-4C0E-B196-141261D8905B}.Release|Any CPU.Build.0 = Release|Any CPU
		{AE904E9F-3E85-4C0E-B196-141261D8905B}.Release|x64.ActiveCfg = Release|Any CPU
		{AE904E9F-3E85-4C0E-B196-141261D8905B}.Release|x64.Build.0 = Release|Any CPU
		{AE904E9F-3E85-4C0E-B196-141261D8905B}.Release|x86.ActiveCfg = Release|Any CPU
		{AE904E9F-3E85-4C0E-B196-141261D8905B}.Release|x86.Build.0 = Release|Any CPU
		{1581A3CF-9ACF-427A-8B66-A007E316916D}.Debug|Any CPU.ActiveCfg = Debug|Any CPU
		{1581A3CF-9ACF-427A-8B66-A007E316916D}.Debug|Any CPU.Build.0 = Debug|Any CPU
		{1581A3CF-9ACF-427A-8B66-A007E316916D}.Debug|x64.ActiveCfg = Debug|Any CPU
		{1581A3CF-9ACF-427A-8B66-A007E316916D}.Debug|x64.Build.0 = Debug|Any CPU
		{1581A3CF-9ACF-427A-8B66-A007E316916D}.Debug|x86.ActiveCfg = Debug|Any CPU
		{1581A3CF-9ACF-427A-8B66-A007E316916D}.Debug|x86.Build.0 = Debug|Any CPU
		{1581A3CF-9ACF-427A-8B66-A007E316916D}.Release|Any CPU.ActiveCfg = Release|Any CPU
		{1581A3CF-9ACF-427A-8B66-A007E316916D}.Release|Any CPU.Build.0 = Release|Any CPU
		{1581A3CF-9ACF-427A-8B66-A007E316916D}.Release|x64.ActiveCfg = Release|Any CPU
		{1581A3CF-9ACF-427A-8B66-A007E316916D}.Release|x64.Build.0 = Release|Any CPU
		{1581A3CF-9ACF-427A-8B66-A007E316916D}.Release|x86.ActiveCfg = Release|Any CPU
		{1581A3CF-9ACF-427A-8B66-A007E316916D}.Release|x86.Build.0 = Release|Any CPU
	EndGlobalSection
	GlobalSection(SolutionProperties) = preSolution
		HideSolutionNode = FALSE
	EndGlobalSection
EndGlobal
